
Microsoft Visual Studio Solution File, Format Version 12.00
# Visual Studio Version 17
VisualStudioVersion = 17.7.33808.371
MinimumVisualStudioVersion = 10.0.40219.1
Project("{F184B08F-C81C-45F6-A57F-5ABD9991F28F}") = "Human Computer Interaction - W7", "Human Computer Interaction - W7\Human Computer Interaction - W7.vbproj", "{61D0AC74-A904-4E27-B38A-746F330595F1}"
EndProject
Global
	GlobalSection(SolutionConfigurationPlatforms) = preSolution
		Debug|Any CPU = Debug|Any CPU
		Release|Any CPU = Release|Any CPU
	EndGlobalSection
	GlobalSection(ProjectConfigurationPlatforms) = postSolution
		{61D0AC74-A904-4E27-B38A-746F330595F1}.Debug|Any CPU.ActiveCfg = Debug|Any CPU
		{61D0AC74-A904-4E27-B38A-746F330595F1}.Debug|Any CPU.Build.0 = Debug|Any CPU
		{61D0AC74-A904-4E27-B38A-746F330595F1}.Release|Any CPU.ActiveCfg = Release|Any CPU
		{61D0AC74-A904-4E27-B38A-746F330595F1}.Release|Any CPU.Build.0 = Release|Any CPU
	EndGlobalSection
	GlobalSection(SolutionProperties) = preSolution
		HideSolutionNode = FALSE
	EndGlobalSection
	GlobalSection(ExtensibilityGlobals) = postSolution
		SolutionGuid = {2ECE36F9-5728-4E09-B8FE-6F4CCE13B3C6}
	EndGlobalSection
EndGlobal
